
Microsoft Visual Studio Solution File, Format Version 12.00
# Visual Studio 15
VisualStudioVersion = 15.0.27703.2035
MinimumVisualStudioVersion = 10.0.40219.1
Project("{FAE04EC0-301F-11D3-BF4B-00C04F79EFBC}") = "PooVueling", "PooVueling\PooVueling.csproj", "{8249A12F-ACCF-4239-ADA6-141DDF948596}"
EndProject
Project("{FAE04EC0-301F-11D3-BF4B-00C04F79EFBC}") = "PooVueling.Integration.Tests", "PooVueling.Integration.Tests\PooVueling.Integration.Tests.csproj", "{FA2E31AD-A5BB-4AF1-85D9-9EDE841D1F1A}"
EndProject
Project("{FAE04EC0-301F-11D3-BF4B-00C04F79EFBC}") = "PooVueling.Unit.Tests", "PooVueling.Unit.Tests\PooVueling.Unit.Tests.csproj", "{9E263DCE-CD72-445C-A053-B155045B1C58}"
EndProject
Global
	GlobalSection(SolutionConfigurationPlatforms) = preSolution
		Debug|Any CPU = Debug|Any CPU
		Release|Any CPU = Release|Any CPU
	EndGlobalSection
	GlobalSection(ProjectConfigurationPlatforms) = postSolution
		{8249A12F-ACCF-4239-ADA6-141DDF948596}.Debug|Any CPU.ActiveCfg = Debug|Any CPU
		{8249A12F-ACCF-4239-ADA6-141DDF948596}.Debug|Any CPU.Build.0 = Debug|Any CPU
		{8249A12F-ACCF-4239-ADA6-141DDF948596}.Release|Any CPU.ActiveCfg = Release|Any CPU
		{8249A12F-ACCF-4239-ADA6-141DDF948596}.Release|Any CPU.Build.0 = Release|Any CPU
		{FA2E31AD-A5BB-4AF1-85D9-9EDE841D1F1A}.Debug|Any CPU.ActiveCfg = Debug|Any CPU
		{FA2E31AD-A5BB-4AF1-85D9-9EDE841D1F1A}.Debug|Any CPU.Build.0 = Debug|Any CPU
		{FA2E31AD-A5BB-4AF1-85D9-9EDE841D1F1A}.Release|Any CPU.ActiveCfg = Release|Any CPU
		{FA2E31AD-A5BB-4AF1-85D9-9EDE841D1F1A}.Release|Any CPU.Build.0 = Release|Any CPU
		{9E263DCE-CD72-445C-A053-B155045B1C58}.Debug|Any CPU.ActiveCfg = Debug|Any CPU
		{9E263DCE-CD72-445C-A053-B155045B1C58}.Debug|Any CPU.Build.0 = Debug|Any CPU
		{9E263DCE-CD72-445C-A053-B155045B1C58}.Release|Any CPU.ActiveCfg = Release|Any CPU
		{9E263DCE-CD72-445C-A053-B155045B1C58}.Release|Any CPU.Build.0 = Release|Any CPU
	EndGlobalSection
	GlobalSection(SolutionProperties) = preSolution
		HideSolutionNode = FALSE
	EndGlobalSection
	GlobalSection(ExtensibilityGlobals) = postSolution
		SolutionGuid = {8A15189E-A2AA-41CC-9EBB-3B5649D1E3B8}
	EndGlobalSection
EndGlobal
